
Microsoft Visual Studio Solution File, Format Version 12.00
# Visual Studio Version 17
VisualStudioVersion = 17.4.33110.190
MinimumVisualStudioVersion = 10.0.40219.1
Project("{888888A0-9F3D-457C-B088-3A5042F75D52}") = "test_koby", "test_koby\test_koby.pyproj", "{083BD0A0-FCEE-40E8-861B-09719EB868CB}"
EndProject
Global
	GlobalSection(SolutionConfigurationPlatforms) = preSolution
		Debug|Any CPU = Debug|Any CPU
		Release|Any CPU = Release|Any CPU
	EndGlobalSection
	GlobalSection(ProjectConfigurationPlatforms) = postSolution
		{083BD0A0-FCEE-40E8-861B-09719EB868CB}.Debug|Any CPU.ActiveCfg = Debug|Any CPU
		{083BD0A0-FCEE-40E8-861B-09719EB868CB}.Release|Any CPU.ActiveCfg = Release|Any CPU
	EndGlobalSection
	GlobalSection(SolutionProperties) = preSolution
		HideSolutionNode = FALSE
	EndGlobalSection
	GlobalSection(ExtensibilityGlobals) = postSolution
		SolutionGuid = {E627ADA2-E8CA-404D-80BE-F0DC07275FF4}
	EndGlobalSection
EndGlobal
